// !$*UTF8*$!
{
	archiveVersion = 1;
	classes = {
	};
	objectVersion = 56;
	objects = {

/* Begin PBXBuildFile section */
		3D2456122BED0469002487AC /* first_layer.metal in Sources */ = {isa = PBXBuildFile; fileRef = 3D2456112BED0469002487AC /* first_layer.metal */; };
		3D24561A2BF99C2A002487AC /* midpoint.metal in Sources */ = {isa = PBXBuildFile; fileRef = 3D2456192BF99C2A002487AC /* midpoint.metal */; };
		3D2456222BFA2F8B002487AC /* CommandQueue.cpp in Sources */ = {isa = PBXBuildFile; fileRef = 3D2456202BFA2F8B002487AC /* CommandQueue.cpp */; };
		3D24562B2BFA58DE002487AC /* KernelLibrary.cpp in Sources */ = {isa = PBXBuildFile; fileRef = 3D2456292BFA58DE002487AC /* KernelLibrary.cpp */; };
		3D2456362C111CE0002487AC /* graph_nodes.cpp in Sources */ = {isa = PBXBuildFile; fileRef = 3D2456342C111CE0002487AC /* graph_nodes.cpp */; };
		3D24EADC2C23D69900B4145C /* DescendPipeline.cpp in Sources */ = {isa = PBXBuildFile; fileRef = 3D24EADA2C23D69900B4145C /* DescendPipeline.cpp */; };
		3D24EAE32C2C3F8E00B4145C /* GlobalMemory.cpp in Sources */ = {isa = PBXBuildFile; fileRef = 3D24EAE22C2C3F8E00B4145C /* GlobalMemory.cpp */; };
		3D24EAE52C2C3FA300B4145C /* MetalBuffer.cpp in Sources */ = {isa = PBXBuildFile; fileRef = 3D24EAE42C2C3FA300B4145C /* MetalBuffer.cpp */; };
		3D24EAEC2C3C4B5800B4145C /* string_manip.cpp in Sources */ = {isa = PBXBuildFile; fileRef = 3D24EAEA2C3C4B5800B4145C /* string_manip.cpp */; };
		3D5C6D002BB9CA76003CC35D /* main.cpp in Sources */ = {isa = PBXBuildFile; fileRef = 3D5C6CFE2BB9CA76003CC35D /* main.cpp */; };
		3D5C6D032BB9CAAA003CC35D /* numerical_ops.cpp in Sources */ = {isa = PBXBuildFile; fileRef = 3D5C6D012BB9CAAA003CC35D /* numerical_ops.cpp */; };
		3D5C6D062BB9DA56003CC35D /* random_generators.cpp in Sources */ = {isa = PBXBuildFile; fileRef = 3D5C6D042BB9DA56003CC35D /* random_generators.cpp */; };
		3D5C6D0C2BBA3807003CC35D /* graph_descend.cpp in Sources */ = {isa = PBXBuildFile; fileRef = 3D5C6D0A2BBA3807003CC35D /* graph_descend.cpp */; };
		3DA7ECE02BBBBC5C002EF83A /* simplex_tree.cpp in Sources */ = {isa = PBXBuildFile; fileRef = 3DA7ECDE2BBBBC5C002EF83A /* simplex_tree.cpp */; };
		3DA7ECE32BBD6E66002EF83A /* collisions.cpp in Sources */ = {isa = PBXBuildFile; fileRef = 3DA7ECE12BBD6E66002EF83A /* collisions.cpp */; };
		3DA7ECE62BBDCE05002EF83A /* graph_path.cpp in Sources */ = {isa = PBXBuildFile; fileRef = 3DA7ECE42BBDCE05002EF83A /* graph_path.cpp */; };
		3DA7ECE92BC0384C002EF83A /* facing_node.cpp in Sources */ = {isa = PBXBuildFile; fileRef = 3DA7ECE72BC0384C002EF83A /* facing_node.cpp */; };
		3DA7ECEC2BC77C9E002EF83A /* resimplexification.cpp in Sources */ = {isa = PBXBuildFile; fileRef = 3DA7ECEA2BC77C9E002EF83A /* resimplexification.cpp */; };
		3DA7ECEF2BCB2D09002EF83A /* numerical_debug.cpp in Sources */ = {isa = PBXBuildFile; fileRef = 3DA7ECED2BCB2D09002EF83A /* numerical_debug.cpp */; };
		3DA7ECF22BCC0CD0002EF83A /* file_io.cpp in Sources */ = {isa = PBXBuildFile; fileRef = 3DA7ECF02BCC0CD0002EF83A /* file_io.cpp */; };
		3DA7ECF52BCC56F0002EF83A /* chrono_methods.cpp in Sources */ = {isa = PBXBuildFile; fileRef = 3DA7ECF32BCC56F0002EF83A /* chrono_methods.cpp */; };
		3DA7ECF82BCF0537002EF83A /* Foundation.framework in Frameworks */ = {isa = PBXBuildFile; fileRef = 3DA7ECF72BCF0537002EF83A /* Foundation.framework */; };
		3DA7ECFA2BCF054D002EF83A /* QuartzCore.framework in Frameworks */ = {isa = PBXBuildFile; fileRef = 3DA7ECF92BCF054D002EF83A /* QuartzCore.framework */; };
		3DA7ECFC2BCF0557002EF83A /* Metal.framework in Frameworks */ = {isa = PBXBuildFile; fileRef = 3DA7ECFB2BCF0557002EF83A /* Metal.framework */; };
/* End PBXBuildFile section */

/* Begin PBXCopyFilesBuildPhase section */
		3D5C6CF22BB9CA4B003CC35D /* CopyFiles */ = {
			isa = PBXCopyFilesBuildPhase;
			buildActionMask = 2147483647;
			dstPath = /usr/share/man/man1/;
			dstSubfolderSpec = 0;
			files = (
			);
			runOnlyForDeploymentPostprocessing = 1;
		};
/* End PBXCopyFilesBuildPhase section */

/* Begin PBXFileReference section */
		3D2456112BED0469002487AC /* first_layer.metal */ = {isa = PBXFileReference; lastKnownFileType = sourcecode.metal; path = first_layer.metal; sourceTree = "<group>"; };
		3D2456192BF99C2A002487AC /* midpoint.metal */ = {isa = PBXFileReference; lastKnownFileType = sourcecode.metal; path = midpoint.metal; sourceTree = "<group>"; };
		3D2456202BFA2F8B002487AC /* CommandQueue.cpp */ = {isa = PBXFileReference; lastKnownFileType = sourcecode.cpp.cpp; path = CommandQueue.cpp; sourceTree = "<group>"; };
		3D2456212BFA2F8B002487AC /* CommandQueue.hpp */ = {isa = PBXFileReference; lastKnownFileType = sourcecode.cpp.h; path = CommandQueue.hpp; sourceTree = "<group>"; };
		3D2456292BFA58DE002487AC /* KernelLibrary.cpp */ = {isa = PBXFileReference; lastKnownFileType = sourcecode.cpp.cpp; path = KernelLibrary.cpp; sourceTree = "<group>"; };
		3D24562A2BFA58DE002487AC /* KernelLibrary.hpp */ = {isa = PBXFileReference; lastKnownFileType = sourcecode.cpp.h; path = KernelLibrary.hpp; sourceTree = "<group>"; };
		3D2456302BFBC81C002487AC /* GlobalMemory.hpp */ = {isa = PBXFileReference; lastKnownFileType = sourcecode.cpp.h; path = GlobalMemory.hpp; sourceTree = "<group>"; };
		3D2456342C111CE0002487AC /* graph_nodes.cpp */ = {isa = PBXFileReference; lastKnownFileType = sourcecode.cpp.cpp; path = graph_nodes.cpp; sourceTree = "<group>"; };
		3D2456352C111CE0002487AC /* graph_nodes.hpp */ = {isa = PBXFileReference; lastKnownFileType = sourcecode.cpp.h; path = graph_nodes.hpp; sourceTree = "<group>"; };
		3D2456372C169400002487AC /* init_metal_header.hpp */ = {isa = PBXFileReference; lastKnownFileType = sourcecode.cpp.h; path = init_metal_header.hpp; sourceTree = "<group>"; };
		3D24EADA2C23D69900B4145C /* DescendPipeline.cpp */ = {isa = PBXFileReference; lastKnownFileType = sourcecode.cpp.cpp; path = DescendPipeline.cpp; sourceTree = "<group>"; };
		3D24EADB2C23D69900B4145C /* DescendPipeline.hpp */ = {isa = PBXFileReference; lastKnownFileType = sourcecode.cpp.h; path = DescendPipeline.hpp; sourceTree = "<group>"; };
		3D24EAE02C2A023000B4145C /* MetalBuffer.hpp */ = {isa = PBXFileReference; lastKnownFileType = sourcecode.cpp.h; path = MetalBuffer.hpp; sourceTree = "<group>"; };
		3D24EAE22C2C3F8E00B4145C /* GlobalMemory.cpp */ = {isa = PBXFileReference; lastKnownFileType = sourcecode.cpp.cpp; path = GlobalMemory.cpp; sourceTree = "<group>"; };
		3D24EAE42C2C3FA300B4145C /* MetalBuffer.cpp */ = {isa = PBXFileReference; lastKnownFileType = sourcecode.cpp.cpp; path = MetalBuffer.cpp; sourceTree = "<group>"; };
		3D24EAE62C3901BC00B4145C /* macros.h */ = {isa = PBXFileReference; lastKnownFileType = sourcecode.c.h; path = macros.h; sourceTree = "<group>"; };
		3D24EAE72C3C155800B4145C /* formulas.h */ = {isa = PBXFileReference; lastKnownFileType = sourcecode.c.h; path = formulas.h; sourceTree = "<group>"; };
		3D24EAE82C3C2CB400B4145C /* debug_control.h */ = {isa = PBXFileReference; lastKnownFileType = sourcecode.c.h; path = debug_control.h; sourceTree = "<group>"; };
		3D24EAEA2C3C4B5800B4145C /* string_manip.cpp */ = {isa = PBXFileReference; lastKnownFileType = sourcecode.cpp.cpp; path = string_manip.cpp; sourceTree = "<group>"; };
		3D24EAEB2C3C4B5800B4145C /* string_manip.hpp */ = {isa = PBXFileReference; lastKnownFileType = sourcecode.cpp.h; path = string_manip.hpp; sourceTree = "<group>"; };
		3D5C6CF42BB9CA4B003CC35D /* LinearInterpolation */ = {isa = PBXFileReference; explicitFileType = "compiled.mach-o.executable"; includeInIndex = 0; path = LinearInterpolation; sourceTree = BUILT_PRODUCTS_DIR; };
		3D5C6CFE2BB9CA76003CC35D /* main.cpp */ = {isa = PBXFileReference; lastKnownFileType = sourcecode.cpp.cpp; path = main.cpp; sourceTree = "<group>"; };
		3D5C6D012BB9CAAA003CC35D /* numerical_ops.cpp */ = {isa = PBXFileReference; lastKnownFileType = sourcecode.cpp.cpp; path = numerical_ops.cpp; sourceTree = "<group>"; };
		3D5C6D022BB9CAAA003CC35D /* numerical_ops.hpp */ = {isa = PBXFileReference; lastKnownFileType = sourcecode.cpp.h; path = numerical_ops.hpp; sourceTree = "<group>"; };
		3D5C6D042BB9DA56003CC35D /* random_generators.cpp */ = {isa = PBXFileReference; lastKnownFileType = sourcecode.cpp.cpp; path = random_generators.cpp; sourceTree = "<group>"; };
		3D5C6D052BB9DA56003CC35D /* random_generators.hpp */ = {isa = PBXFileReference; lastKnownFileType = sourcecode.cpp.h; path = random_generators.hpp; sourceTree = "<group>"; };
		3D5C6D082BB9F8C5003CC35D /* debug_display.hpp */ = {isa = PBXFileReference; lastKnownFileType = sourcecode.cpp.h; path = debug_display.hpp; sourceTree = "<group>"; };
		3D5C6D0A2BBA3807003CC35D /* graph_descend.cpp */ = {isa = PBXFileReference; lastKnownFileType = sourcecode.cpp.cpp; path = graph_descend.cpp; sourceTree = "<group>"; };
		3D5C6D0B2BBA3807003CC35D /* graph_descend.hpp */ = {isa = PBXFileReference; lastKnownFileType = sourcecode.cpp.h; path = graph_descend.hpp; sourceTree = "<group>"; };
		3D9F08CC2C3C543900CF743F /* control_macros.h */ = {isa = PBXFileReference; lastKnownFileType = sourcecode.c.h; path = control_macros.h; sourceTree = "<group>"; };
		3DA7ECDE2BBBBC5C002EF83A /* simplex_tree.cpp */ = {isa = PBXFileReference; lastKnownFileType = sourcecode.cpp.cpp; path = simplex_tree.cpp; sourceTree = "<group>"; };
		3DA7ECDF2BBBBC5C002EF83A /* simplex_tree.hpp */ = {isa = PBXFileReference; lastKnownFileType = sourcecode.cpp.h; path = simplex_tree.hpp; sourceTree = "<group>"; };
		3DA7ECE12BBD6E66002EF83A /* collisions.cpp */ = {isa = PBXFileReference; lastKnownFileType = sourcecode.cpp.cpp; path = collisions.cpp; sourceTree = "<group>"; };
		3DA7ECE22BBD6E66002EF83A /* collisions.hpp */ = {isa = PBXFileReference; lastKnownFileType = sourcecode.cpp.h; path = collisions.hpp; sourceTree = "<group>"; };
		3DA7ECE42BBDCE05002EF83A /* graph_path.cpp */ = {isa = PBXFileReference; lastKnownFileType = sourcecode.cpp.cpp; path = graph_path.cpp; sourceTree = "<group>"; };
		3DA7ECE52BBDCE05002EF83A /* graph_path.hpp */ = {isa = PBXFileReference; lastKnownFileType = sourcecode.cpp.h; path = graph_path.hpp; sourceTree = "<group>"; };
		3DA7ECE72BC0384C002EF83A /* facing_node.cpp */ = {isa = PBXFileReference; lastKnownFileType = sourcecode.cpp.cpp; path = facing_node.cpp; sourceTree = "<group>"; };
		3DA7ECE82BC0384C002EF83A /* facing_node.hpp */ = {isa = PBXFileReference; lastKnownFileType = sourcecode.cpp.h; path = facing_node.hpp; sourceTree = "<group>"; };
		3DA7ECEA2BC77C9E002EF83A /* resimplexification.cpp */ = {isa = PBXFileReference; lastKnownFileType = sourcecode.cpp.cpp; path = resimplexification.cpp; sourceTree = "<group>"; };
		3DA7ECEB2BC77C9E002EF83A /* resimplexification.hpp */ = {isa = PBXFileReference; lastKnownFileType = sourcecode.cpp.h; path = resimplexification.hpp; sourceTree = "<group>"; };
		3DA7ECED2BCB2D09002EF83A /* numerical_debug.cpp */ = {isa = PBXFileReference; lastKnownFileType = sourcecode.cpp.cpp; path = numerical_debug.cpp; sourceTree = "<group>"; };
		3DA7ECEE2BCB2D09002EF83A /* numerical_debug.hpp */ = {isa = PBXFileReference; lastKnownFileType = sourcecode.cpp.h; path = numerical_debug.hpp; sourceTree = "<group>"; };
		3DA7ECF02BCC0CD0002EF83A /* file_io.cpp */ = {isa = PBXFileReference; lastKnownFileType = sourcecode.cpp.cpp; path = file_io.cpp; sourceTree = "<group>"; };
		3DA7ECF12BCC0CD0002EF83A /* file_io.hpp */ = {isa = PBXFileReference; lastKnownFileType = sourcecode.cpp.h; path = file_io.hpp; sourceTree = "<group>"; };
		3DA7ECF32BCC56F0002EF83A /* chrono_methods.cpp */ = {isa = PBXFileReference; lastKnownFileType = sourcecode.cpp.cpp; path = chrono_methods.cpp; sourceTree = "<group>"; };
		3DA7ECF42BCC56F0002EF83A /* chrono_methods.hpp */ = {isa = PBXFileReference; lastKnownFileType = sourcecode.cpp.h; path = chrono_methods.hpp; sourceTree = "<group>"; };
		3DA7ECF72BCF0537002EF83A /* Foundation.framework */ = {isa = PBXFileReference; lastKnownFileType = wrapper.framework; name = Foundation.framework; path = System/Library/Frameworks/Foundation.framework; sourceTree = SDKROOT; };
		3DA7ECF92BCF054D002EF83A /* QuartzCore.framework */ = {isa = PBXFileReference; lastKnownFileType = wrapper.framework; name = QuartzCore.framework; path = System/Library/Frameworks/QuartzCore.framework; sourceTree = SDKROOT; };
		3DA7ECFB2BCF0557002EF83A /* Metal.framework */ = {isa = PBXFileReference; lastKnownFileType = wrapper.framework; name = Metal.framework; path = System/Library/Frameworks/Metal.framework; sourceTree = SDKROOT; };
/* End PBXFileReference section */

/* Begin PBXFrameworksBuildPhase section */
		3D5C6CF12BB9CA4B003CC35D /* Frameworks */ = {
			isa = PBXFrameworksBuildPhase;
			buildActionMask = 2147483647;
			files = (
				3DA7ECFC2BCF0557002EF83A /* Metal.framework in Frameworks */,
				3DA7ECFA2BCF054D002EF83A /* QuartzCore.framework in Frameworks */,
				3DA7ECF82BCF0537002EF83A /* Foundation.framework in Frameworks */,
			);
			runOnlyForDeploymentPostprocessing = 0;
		};
/* End PBXFrameworksBuildPhase section */

/* Begin PBXGroup section */
		3D24561E2BFA2EA0002487AC /* MetalSupport */ = {
			isa = PBXGroup;
			children = (
				3D24561F2BFA2EED002487AC /* shaders */,
				3D24EAE02C2A023000B4145C /* MetalBuffer.hpp */,
				3D24EAE42C2C3FA300B4145C /* MetalBuffer.cpp */,
				3D2456302BFBC81C002487AC /* GlobalMemory.hpp */,
				3D24EAE22C2C3F8E00B4145C /* GlobalMemory.cpp */,
				3D2456212BFA2F8B002487AC /* CommandQueue.hpp */,
				3D2456202BFA2F8B002487AC /* CommandQueue.cpp */,
				3D24562A2BFA58DE002487AC /* KernelLibrary.hpp */,
				3D2456292BFA58DE002487AC /* KernelLibrary.cpp */,
				3D24EADB2C23D69900B4145C /* DescendPipeline.hpp */,
				3D24EADA2C23D69900B4145C /* DescendPipeline.cpp */,
				3D2456372C169400002487AC /* init_metal_header.hpp */,
			);
			path = MetalSupport;
			sourceTree = "<group>";
		};
		3D24561F2BFA2EED002487AC /* shaders */ = {
			isa = PBXGroup;
			children = (
				3D24EAE62C3901BC00B4145C /* macros.h */,
				3D2456112BED0469002487AC /* first_layer.metal */,
				3D2456192BF99C2A002487AC /* midpoint.metal */,
			);
			path = shaders;
			sourceTree = "<group>";
		};
		3D24EAE92C3C4B3C00B4145C /* Utils */ = {
			isa = PBXGroup;
			children = (
				3DA7ECF02BCC0CD0002EF83A /* file_io.cpp */,
				3DA7ECF12BCC0CD0002EF83A /* file_io.hpp */,
				3DA7ECF32BCC56F0002EF83A /* chrono_methods.cpp */,
				3DA7ECF42BCC56F0002EF83A /* chrono_methods.hpp */,
				3D24EAEA2C3C4B5800B4145C /* string_manip.cpp */,
				3D24EAEB2C3C4B5800B4145C /* string_manip.hpp */,
				3D24EAE72C3C155800B4145C /* formulas.h */,
				3D24EAE82C3C2CB400B4145C /* debug_control.h */,
			);
			path = Utils;
			sourceTree = "<group>";
		};
		3D24EAED2C3C4B8100B4145C /* SimplexGraph */ = {
			isa = PBXGroup;
			children = (
				3D5C6D012BB9CAAA003CC35D /* numerical_ops.cpp */,
				3D5C6D022BB9CAAA003CC35D /* numerical_ops.hpp */,
				3D5C6D082BB9F8C5003CC35D /* debug_display.hpp */,
				3DA7ECE42BBDCE05002EF83A /* graph_path.cpp */,
				3DA7ECE52BBDCE05002EF83A /* graph_path.hpp */,
				3D5C6D042BB9DA56003CC35D /* random_generators.cpp */,
				3D5C6D052BB9DA56003CC35D /* random_generators.hpp */,
				3DA7ECED2BCB2D09002EF83A /* numerical_debug.cpp */,
				3DA7ECEE2BCB2D09002EF83A /* numerical_debug.hpp */,
				3D5C6D0A2BBA3807003CC35D /* graph_descend.cpp */,
				3D5C6D0B2BBA3807003CC35D /* graph_descend.hpp */,
				3D2456342C111CE0002487AC /* graph_nodes.cpp */,
				3D2456352C111CE0002487AC /* graph_nodes.hpp */,
				3DA7ECDE2BBBBC5C002EF83A /* simplex_tree.cpp */,
				3DA7ECDF2BBBBC5C002EF83A /* simplex_tree.hpp */,
				3DA7ECE12BBD6E66002EF83A /* collisions.cpp */,
				3DA7ECE22BBD6E66002EF83A /* collisions.hpp */,
				3DA7ECEB2BC77C9E002EF83A /* resimplexification.hpp */,
				3DA7ECEA2BC77C9E002EF83A /* resimplexification.cpp */,
				3DA7ECE82BC0384C002EF83A /* facing_node.hpp */,
				3DA7ECE72BC0384C002EF83A /* facing_node.cpp */,
			);
			path = SimplexGraph;
			sourceTree = "<group>";
		};
		3D5C6CEB2BB9CA4B003CC35D = {
			isa = PBXGroup;
			children = (
				3D5C6CF62BB9CA4B003CC35D /* LinearInterpolation */,
				3D5C6CF52BB9CA4B003CC35D /* Products */,
				3DA7ECF62BCF0537002EF83A /* Frameworks */,
			);
			sourceTree = "<group>";
		};
		3D5C6CF52BB9CA4B003CC35D /* Products */ = {
			isa = PBXGroup;
			children = (
				3D5C6CF42BB9CA4B003CC35D /* LinearInterpolation */,
			);
			name = Products;
			sourceTree = "<group>";
		};
		3D5C6CF62BB9CA4B003CC35D /* LinearInterpolation */ = {
			isa = PBXGroup;
			children = (
				3D5C6CFE2BB9CA76003CC35D /* main.cpp */,
				3D9F08CC2C3C543900CF743F /* control_macros.h */,
				3D24561E2BFA2EA0002487AC /* MetalSupport */,
				3D24EAED2C3C4B8100B4145C /* SimplexGraph */,
				3D24EAE92C3C4B3C00B4145C /* Utils */,
			);
			path = LinearInterpolation;
			sourceTree = "<group>";
		};
		3DA7ECF62BCF0537002EF83A /* Frameworks */ = {
			isa = PBXGroup;
			children = (
				3DA7ECFB2BCF0557002EF83A /* Metal.framework */,
				3DA7ECF92BCF054D002EF83A /* QuartzCore.framework */,
				3DA7ECF72BCF0537002EF83A /* Foundation.framework */,
			);
			name = Frameworks;
			sourceTree = "<group>";
		};
/* End PBXGroup section */

/* Begin PBXNativeTarget section */
		3D5C6CF32BB9CA4B003CC35D /* LinearInterpolation */ = {
			isa = PBXNativeTarget;
			buildConfigurationList = 3D5C6CFB2BB9CA4B003CC35D /* Build configuration list for PBXNativeTarget "LinearInterpolation" */;
			buildPhases = (
				3D5C6CF02BB9CA4B003CC35D /* Sources */,
				3D5C6CF12BB9CA4B003CC35D /* Frameworks */,
				3D5C6CF22BB9CA4B003CC35D /* CopyFiles */,
			);
			buildRules = (
			);
			dependencies = (
			);
			name = LinearInterpolation;
			productName = LinearInterpolation;
			productReference = 3D5C6CF42BB9CA4B003CC35D /* LinearInterpolation */;
			productType = "com.apple.product-type.tool";
		};
/* End PBXNativeTarget section */

/* Begin PBXProject section */
		3D5C6CEC2BB9CA4B003CC35D /* Project object */ = {
			isa = PBXProject;
			attributes = {
				BuildIndependentTargetsInParallel = 1;
				LastSwiftUpdateCheck = 1510;
				LastUpgradeCheck = 1530;
				TargetAttributes = {
					3D5C6CF32BB9CA4B003CC35D = {
						CreatedOnToolsVersion = 15.1;
					};
				};
			};
			buildConfigurationList = 3D5C6CEF2BB9CA4B003CC35D /* Build configuration list for PBXProject "LinearInterpolation" */;
			compatibilityVersion = "Xcode 14.0";
			developmentRegion = en;
			hasScannedForEncodings = 0;
			knownRegions = (
				en,
				Base,
			);
			mainGroup = 3D5C6CEB2BB9CA4B003CC35D;
			productRefGroup = 3D5C6CF52BB9CA4B003CC35D /* Products */;
			projectDirPath = "";
			projectRoot = "";
			targets = (
				3D5C6CF32BB9CA4B003CC35D /* LinearInterpolation */,
			);
		};
/* End PBXProject section */

/* Begin PBXSourcesBuildPhase section */
		3D5C6CF02BB9CA4B003CC35D /* Sources */ = {
			isa = PBXSourcesBuildPhase;
			buildActionMask = 2147483647;
			files = (
				3D24EADC2C23D69900B4145C /* DescendPipeline.cpp in Sources */,
				3D2456362C111CE0002487AC /* graph_nodes.cpp in Sources */,
				3D2456122BED0469002487AC /* first_layer.metal in Sources */,
				3DA7ECF22BCC0CD0002EF83A /* file_io.cpp in Sources */,
				3D24561A2BF99C2A002487AC /* midpoint.metal in Sources */,
				3DA7ECE32BBD6E66002EF83A /* collisions.cpp in Sources */,
				3D24562B2BFA58DE002487AC /* KernelLibrary.cpp in Sources */,
				3D5C6D002BB9CA76003CC35D /* main.cpp in Sources */,
				3D2456222BFA2F8B002487AC /* CommandQueue.cpp in Sources */,
				3DA7ECF52BCC56F0002EF83A /* chrono_methods.cpp in Sources */,
				3D5C6D062BB9DA56003CC35D /* random_generators.cpp in Sources */,
				3D24EAE32C2C3F8E00B4145C /* GlobalMemory.cpp in Sources */,
				3DA7ECE62BBDCE05002EF83A /* graph_path.cpp in Sources */,
				3DA7ECEC2BC77C9E002EF83A /* resimplexification.cpp in Sources */,
				3DA7ECE02BBBBC5C002EF83A /* simplex_tree.cpp in Sources */,
				3DA7ECEF2BCB2D09002EF83A /* numerical_debug.cpp in Sources */,
				3DA7ECE92BC0384C002EF83A /* facing_node.cpp in Sources */,
				3D5C6D0C2BBA3807003CC35D /* graph_descend.cpp in Sources */,
				3D24EAE52C2C3FA300B4145C /* MetalBuffer.cpp in Sources */,
				3D5C6D032BB9CAAA003CC35D /* numerical_ops.cpp in Sources */,
				3D24EAEC2C3C4B5800B4145C /* string_manip.cpp in Sources */,
			);
			runOnlyForDeploymentPostprocessing = 0;
		};
/* End PBXSourcesBuildPhase section */

/* Begin XCBuildConfiguration section */
		3D5C6CF92BB9CA4B003CC35D /* Debug */ = {
			isa = XCBuildConfiguration;
			buildSettings = {
				ALWAYS_SEARCH_USER_PATHS = YES;
				ASSETCATALOG_COMPILER_GENERATE_SWIFT_ASSET_SYMBOL_EXTENSIONS = YES;
				CLANG_ANALYZER_NONNULL = YES;
				CLANG_ANALYZER_NUMBER_OBJECT_CONVERSION = YES_AGGRESSIVE;
				CLANG_CXX_LANGUAGE_STANDARD = "c++20";
				CLANG_DEBUG_INFORMATION_LEVEL = default;
				CLANG_ENABLE_MODULES = YES;
				CLANG_ENABLE_MODULE_DEBUGGING = YES;
				CLANG_ENABLE_OBJC_ARC = YES;
				CLANG_ENABLE_OBJC_WEAK = YES;
				CLANG_WARN_BLOCK_CAPTURE_AUTORELEASING = YES;
				CLANG_WARN_BOOL_CONVERSION = YES;
				CLANG_WARN_COMMA = YES;
				CLANG_WARN_CONSTANT_CONVERSION = YES;
				CLANG_WARN_DEPRECATED_OBJC_IMPLEMENTATIONS = YES;
				CLANG_WARN_DIRECT_OBJC_ISA_USAGE = YES_ERROR;
				CLANG_WARN_DOCUMENTATION_COMMENTS = YES;
				CLANG_WARN_EMPTY_BODY = YES;
				CLANG_WARN_ENUM_CONVERSION = YES;
				CLANG_WARN_INFINITE_RECURSION = YES;
				CLANG_WARN_INT_CONVERSION = YES;
				CLANG_WARN_NON_LITERAL_NULL_CONVERSION = YES;
				CLANG_WARN_OBJC_IMPLICIT_RETAIN_SELF = YES;
				CLANG_WARN_OBJC_LITERAL_CONVERSION = YES;
				CLANG_WARN_OBJC_ROOT_CLASS = YES_ERROR;
				CLANG_WARN_QUOTED_INCLUDE_IN_FRAMEWORK_HEADER = YES;
				CLANG_WARN_RANGE_LOOP_ANALYSIS = YES;
				CLANG_WARN_STRICT_PROTOTYPES = YES;
				CLANG_WARN_SUSPICIOUS_MOVE = YES;
				CLANG_WARN_UNGUARDED_AVAILABILITY = YES_AGGRESSIVE;
				CLANG_WARN_UNREACHABLE_CODE = YES;
				CLANG_WARN__DUPLICATE_METHOD_MATCH = YES;
				COPY_PHASE_STRIP = NO;
				DEAD_CODE_STRIPPING = YES;
				DEBUG_INFORMATION_FORMAT = dwarf;
				ENABLE_STRICT_OBJC_MSGSEND = YES;
				ENABLE_TESTABILITY = YES;
				ENABLE_USER_SCRIPT_SANDBOXING = YES;
				GCC_C_LANGUAGE_STANDARD = c17;
				GCC_DYNAMIC_NO_PIC = NO;
				GCC_GENERATE_DEBUGGING_SYMBOLS = YES;
				GCC_NO_COMMON_BLOCKS = YES;
				GCC_OPTIMIZATION_LEVEL = z;
				GCC_PREPROCESSOR_DEFINITIONS = (
					"DEBUG=1",
					"$(inherited)",
				);
				GCC_WARN_64_TO_32_BIT_CONVERSION = YES;
				GCC_WARN_ABOUT_RETURN_TYPE = YES_ERROR;
				GCC_WARN_UNDECLARED_SELECTOR = YES;
				GCC_WARN_UNINITIALIZED_AUTOS = YES_AGGRESSIVE;
				GCC_WARN_UNUSED_FUNCTION = YES;
				GCC_WARN_UNUSED_VARIABLE = YES;
				HEADER_SEARCH_PATHS = "$(PROJECT_DIR)/metal-cpp";
				LOCALIZATION_PREFERS_STRING_CATALOGS = YES;
				MACOSX_DEPLOYMENT_TARGET = 14.0;
				MTL_ENABLE_DEBUG_INFO = INCLUDE_SOURCE;
				MTL_FAST_MATH = YES;
				ONLY_ACTIVE_ARCH = YES;
				SDKROOT = macosx;
				SWIFT_ACTIVE_COMPILATION_CONDITIONS = "DEBUG $(inherited)";
				SWIFT_OPTIMIZATION_LEVEL = "-Onone";
			};
			name = Debug;
		};
		3D5C6CFA2BB9CA4B003CC35D /* Release */ = {
			isa = XCBuildConfiguration;
			buildSettings = {
				ALWAYS_SEARCH_USER_PATHS = YES;
				ASSETCATALOG_COMPILER_GENERATE_SWIFT_ASSET_SYMBOL_EXTENSIONS = YES;
				CLANG_ANALYZER_NONNULL = YES;
				CLANG_ANALYZER_NUMBER_OBJECT_CONVERSION = YES_AGGRESSIVE;
				CLANG_CXX_LANGUAGE_STANDARD = "c++20";
				CLANG_DEBUG_INFORMATION_LEVEL = default;
				CLANG_ENABLE_MODULES = YES;
				CLANG_ENABLE_MODULE_DEBUGGING = YES;
				CLANG_ENABLE_OBJC_ARC = YES;
				CLANG_ENABLE_OBJC_WEAK = YES;
				CLANG_WARN_BLOCK_CAPTURE_AUTORELEASING = YES;
				CLANG_WARN_BOOL_CONVERSION = YES;
				CLANG_WARN_COMMA = YES;
				CLANG_WARN_CONSTANT_CONVERSION = YES;
				CLANG_WARN_DEPRECATED_OBJC_IMPLEMENTATIONS = YES;
				CLANG_WARN_DIRECT_OBJC_ISA_USAGE = YES_ERROR;
				CLANG_WARN_DOCUMENTATION_COMMENTS = YES;
				CLANG_WARN_EMPTY_BODY = YES;
				CLANG_WARN_ENUM_CONVERSION = YES;
				CLANG_WARN_INFINITE_RECURSION = YES;
				CLANG_WARN_INT_CONVERSION = YES;
				CLANG_WARN_NON_LITERAL_NULL_CONVERSION = YES;
				CLANG_WARN_OBJC_IMPLICIT_RETAIN_SELF = YES;
				CLANG_WARN_OBJC_LITERAL_CONVERSION = YES;
				CLANG_WARN_OBJC_ROOT_CLASS = YES_ERROR;
				CLANG_WARN_QUOTED_INCLUDE_IN_FRAMEWORK_HEADER = YES;
				CLANG_WARN_RANGE_LOOP_ANALYSIS = YES;
				CLANG_WARN_STRICT_PROTOTYPES = YES;
				CLANG_WARN_SUSPICIOUS_MOVE = YES;
				CLANG_WARN_UNGUARDED_AVAILABILITY = YES_AGGRESSIVE;
				CLANG_WARN_UNREACHABLE_CODE = YES;
				CLANG_WARN__DUPLICATE_METHOD_MATCH = YES;
				COPY_PHASE_STRIP = NO;
				DEAD_CODE_STRIPPING = YES;
				DEBUG_INFORMATION_FORMAT = "dwarf-with-dsym";
				ENABLE_NS_ASSERTIONS = NO;
				ENABLE_STRICT_OBJC_MSGSEND = YES;
				ENABLE_TESTABILITY = NO;
				ENABLE_USER_SCRIPT_SANDBOXING = YES;
				GCC_C_LANGUAGE_STANDARD = c17;
				GCC_GENERATE_DEBUGGING_SYMBOLS = YES;
				GCC_NO_COMMON_BLOCKS = YES;
				GCC_OPTIMIZATION_LEVEL = 3;
				GCC_WARN_64_TO_32_BIT_CONVERSION = YES;
				GCC_WARN_ABOUT_RETURN_TYPE = YES_ERROR;
				GCC_WARN_UNDECLARED_SELECTOR = YES;
				GCC_WARN_UNINITIALIZED_AUTOS = YES_AGGRESSIVE;
				GCC_WARN_UNUSED_FUNCTION = YES;
				GCC_WARN_UNUSED_VARIABLE = YES;
				HEADER_SEARCH_PATHS = "$(PROJECT_DIR)/metal-cpp";
				LOCALIZATION_PREFERS_STRING_CATALOGS = YES;
				MACOSX_DEPLOYMENT_TARGET = 14.0;
				MTL_ENABLE_DEBUG_INFO = NO;
				MTL_FAST_MATH = YES;
				SDKROOT = macosx;
				SWIFT_COMPILATION_MODE = wholemodule;
			};
			name = Release;
		};
		3D5C6CFC2BB9CA4B003CC35D /* Debug */ = {
			isa = XCBuildConfiguration;
			buildSettings = {
				ALWAYS_SEARCH_USER_PATHS = NO;
				CLANG_CXX_LANGUAGE_STANDARD = "c++20";
				CODE_SIGN_STYLE = Automatic;
				DEAD_CODE_STRIPPING = YES;
				HEADER_SEARCH_PATHS = "$(PROJECT_DIR)/metal-cpp";
				LIBRARY_SEARCH_PATHS = "";
				MTLLINKER_FLAGS = "";
				MTL_COMPILER_FLAGS = "";
				PRODUCT_NAME = "$(TARGET_NAME)";
				SCAN_ALL_SOURCE_FILES_FOR_INCLUDES = NO;
				SWIFT_VERSION = 5.0;
				USER_HEADER_SEARCH_PATHS = "";
			};
			name = Debug;
		};
		3D5C6CFD2BB9CA4B003CC35D /* Release */ = {
			isa = XCBuildConfiguration;
			buildSettings = {
				ALWAYS_SEARCH_USER_PATHS = NO;
				CLANG_CXX_LANGUAGE_STANDARD = "c++20";
				CODE_SIGN_STYLE = Automatic;
				DEAD_CODE_STRIPPING = YES;
				HEADER_SEARCH_PATHS = "$(PROJECT_DIR)/metal-cpp";
				LIBRARY_SEARCH_PATHS = "";
				MTLLINKER_FLAGS = "";
				MTL_COMPILER_FLAGS = "";
				PRODUCT_NAME = "$(TARGET_NAME)";
				SCAN_ALL_SOURCE_FILES_FOR_INCLUDES = NO;
				SWIFT_VERSION = 5.0;
				USER_HEADER_SEARCH_PATHS = "";
			};
			name = Release;
		};
/* End XCBuildConfiguration section */

/* Begin XCConfigurationList section */
		3D5C6CEF2BB9CA4B003CC35D /* Build configuration list for PBXProject "LinearInterpolation" */ = {
			isa = XCConfigurationList;
			buildConfigurations = (
				3D5C6CF92BB9CA4B003CC35D /* Debug */,
				3D5C6CFA2BB9CA4B003CC35D /* Release */,
			);
			defaultConfigurationIsVisible = 0;
			defaultConfigurationName = Release;
		};
		3D5C6CFB2BB9CA4B003CC35D /* Build configuration list for PBXNativeTarget "LinearInterpolation" */ = {
			isa = XCConfigurationList;
			buildConfigurations = (
				3D5C6CFC2BB9CA4B003CC35D /* Debug */,
				3D5C6CFD2BB9CA4B003CC35D /* Release */,
			);
			defaultConfigurationIsVisible = 0;
			defaultConfigurationName = Release;
		};
/* End XCConfigurationList section */
	};
	rootObject = 3D5C6CEC2BB9CA4B003CC35D /* Project object */;
}
